hash: 67f97281763226a2d6a0ad1b16ea59d635c10ff0e1f46e6925d5b4e8a85d1d26
updated: 2017-06-03T10:28:59.499143131-03:00
imports:
- name: github.com/beevik/etree
  version: abae5fc32af8862e420d52e686a7e6ec14111685
- name: github.com/Jeffail/gabs
  version: 2a3aa15961d5fee6047b8151b67ac2f08ba2c48c
testImports: []
