hash: d4f4b7c9d5ba82e20a4134479815644ddc7a8d4863a687a72cdeb3481c6e4b1e
updated: 2017-06-04T09:24:28.302846826-03:00
imports:
- name: github.com/andybalholm/cascadia
  version: 349dd0209470eabd9514242c688c403c0926d266
- name: github.com/beevik/etree
  version: abae5fc32af8862e420d52e686a7e6ec14111685
- name: github.com/buaazp/fasthttprouter
  version: ade4e2031af3aed7fffd241084aad80a58faf421
- name: github.com/Jeffail/gabs
  version: 2a3aa15961d5fee6047b8151b67ac2f08ba2c48c
- name: github.com/PuerkitoBio/goquery
  version: e1271ee34c6a305e38566ecd27ae374944907ee9
- name: github.com/smartystreets/goconvey
  version: d4c757aa9afd1e2fc1832aaab209b5794eb336e1
  subpackages:
  - convey
  - convey/gotest
  - convey/reporting
- name: github.com/valyala/fasthttp
  version: d42167fd04f636e20b005e9934159e95454233c7
- name: golang.org/x/net
  version: f315505cf3349909cdf013ea56690da34e96a451
  subpackages:
  - html
  - html/atom
testImports:
- name: github.com/gopherjs/gopherjs
  version: 9659c814f1d54d63f9c623449a7111d3864c1361
  subpackages:
  - js
- name: github.com/jtolds/gls
  version: 8ddce2a84170772b95dd5d576c48d517b22cac63
- name: github.com/smartystreets/assertions
  version: d20dfdd831a09c7eb926e4bd8ae0cbedebff251a
  subpackages:
  - internal/go-render/render
  - internal/oglematchers
